github.com/Arajtav/terminalCanvas v0.0.0-20240329015315-7770ccef454c h1:VjFjm196Yuwa4UXuq4/dVBFJDYBhu6rdFv4zMjd7sEQ=
github.com/Arajtav/terminalCanvas v0.0.0-20240329015315-7770ccef454c/go.mod h1:1P28HfoHTSrUoECNtw603l660n56X/Bfnt+f5AeKUoU=
github.com/Arajtav/terminalCanvas v0.0.0-20240330002706-f414438e0771 h1:sDlSl0/hazbTnRNJghnDZQC07CzjLmck5fLN3hObfZU=
github.com/Arajtav/terminalCanvas v0.0.0-20240330002706-f414438e0771/go.mod h1:1P28HfoHTSrUoECNtw603l660n56X/Bfnt+f5AeKUoU=
github.com/Arajtav/terminalCanvas v0.0.0-20240330213216-a16188ccfa1a h1:eR6RJ6yjOyEalT/VYSvz9v0KcSrsLtlHqAvY2UtBdBQ=
github.com/Arajtav/terminalCanvas v0.0.0-20240330213216-a16188ccfa1a/go.mod h1:1P28HfoHTSrUoECNtw603l660n56X/Bfnt+f5AeKUoU=
